
Microsoft Visual Studio Solution File, Format Version 12.00
# Visual Studio 15
VisualStudioVersion = 15.0.28307.1525
MinimumVisualStudioVersion = 10.0.40219.1
Project("{FAE04EC0-301F-11D3-BF4B-00C04F79EFBC}") = "Supermarket", "Supermarket\Supermarket.csproj", "{DD3ACD5D-7B75-4212-A7CC-742D37A75A7C}"
EndProject
Global
	GlobalSection(SolutionConfigurationPlatforms) = preSolution
		Debug|Any CPU = Debug|Any CPU
		Release|Any CPU = Release|Any CPU
	EndGlobalSection
	GlobalSection(ProjectConfigurationPlatforms) = postSolution
		{DD3ACD5D-7B75-4212-A7CC-742D37A75A7C}.Debug|Any CPU.ActiveCfg = Debug|Any CPU
		{DD3ACD5D-7B75-4212-A7CC-742D37A75A7C}.Debug|Any CPU.Build.0 = Debug|Any CPU
		{DD3ACD5D-7B75-4212-A7CC-742D37A75A7C}.Release|Any CPU.ActiveCfg = Release|Any CPU
		{DD3ACD5D-7B75-4212-A7CC-742D37A75A7C}.Release|Any CPU.Build.0 = Release|Any CPU
	EndGlobalSection
	GlobalSection(SolutionProperties) = preSolution
		HideSolutionNode = FALSE
	EndGlobalSection
	GlobalSection(ExtensibilityGlobals) = postSolution
		SolutionGuid = {675CBE11-91A1-40E9-8749-2B4A28139B7F}
	EndGlobalSection
EndGlobal
